// !$*UTF8*$!
{
	archiveVersion = 1;
	classes = {
	};
	objectVersion = 50;
	objects = {

/* Begin PBXBuildFile section */
		56A1F7822245302600B91079 /* AppDelegate.swift in Sources */ = {isa = PBXBuildFile; fileRef = 56A1F7812245302600B91079 /* AppDelegate.swift */; };
		56A1F7842245302600B91079 /* ViewController.swift in Sources */ = {isa = PBXBuildFile; fileRef = 56A1F7832245302600B91079 /* ViewController.swift */; };
		56A1F7872245302600B91079 /* Main.storyboard in Resources */ = {isa = PBXBuildFile; fileRef = 56A1F7852245302600B91079 /* Main.storyboard */; };
		56A1F7892245302700B91079 /* Assets.xcassets in Resources */ = {isa = PBXBuildFile; fileRef = 56A1F7882245302700B91079 /* Assets.xcassets */; };
		56A1F78C2245302700B91079 /* LaunchScreen.storyboard in Resources */ = {isa = PBXBuildFile; fileRef = 56A1F78A2245302700B91079 /* LaunchScreen.storyboard */; };
		56A1F7972245302700B91079 /* Purga_TimeTests.swift in Sources */ = {isa = PBXBuildFile; fileRef = 56A1F7962245302700B91079 /* Purga_TimeTests.swift */; };
		56A1F7A22245302700B91079 /* Purga_TimeUITests.swift in Sources */ = {isa = PBXBuildFile; fileRef = 56A1F7A12245302700B91079 /* Purga_TimeUITests.swift */; };
/* End PBXBuildFile section */

/* Begin PBXContainerItemProxy section */
		56A1F7932245302700B91079 /* PBXContainerItemProxy */ = {
			isa = PBXContainerItemProxy;
			containerPortal = 56A1F7762245302500B91079 /* Project object */;
			proxyType = 1;
			remoteGlobalIDString = 56A1F77D2245302500B91079;
			remoteInfo = "Purga Time";
		};
		56A1F79E2245302700B91079 /* PBXContainerItemProxy */ = {
			isa = PBXContainerItemProxy;
			containerPortal = 56A1F7762245302500B91079 /* Project object */;
			proxyType = 1;
			remoteGlobalIDString = 56A1F77D2245302500B91079;
			remoteInfo = "Purga Time";
		};
/* End PBXContainerItemProxy section */

/* Begin PBXFileReference section */
		56A1F77E2245302500B91079 /* Purga Time.app */ = {isa = PBXFileReference; explicitFileType = wrapper.application; includeInIndex = 0; path = "Purga Time.app"; sourceTree = BUILT_PRODUCTS_DIR; };
		56A1F7812245302600B91079 /* AppDelegate.swift */ = {isa = PBXFileReference; lastKnownFileType = sourcecode.swift; path = AppDelegate.swift; sourceTree = "<group>"; };
		56A1F7832245302600B91079 /* ViewController.swift */ = {isa = PBXFileReference; lastKnownFileType = sourcecode.swift; path = ViewController.swift; sourceTree = "<group>"; };
		56A1F7862245302600B91079 /* Base */ = {isa = PBXFileReference; lastKnownFileType = file.storyboard; name = Base; path = Base.lproj/Main.storyboard; sourceTree = "<group>"; };
		56A1F7882245302700B91079 /* Assets.xcassets */ = {isa = PBXFileReference; lastKnownFileType = folder.assetcatalog; path = Assets.xcassets; sourceTree = "<group>"; };
		56A1F78B2245302700B91079 /* Base */ = {isa = PBXFileReference; lastKnownFileType = file.storyboard; name = Base; path = Base.lproj/LaunchScreen.storyboard; sourceTree = "<group>"; };
		56A1F78D2245302700B91079 /* Info.plist */ = {isa = PBXFileReference; lastKnownFileType = text.plist.xml; path = Info.plist; sourceTree = "<group>"; };
		56A1F7922245302700B91079 /* Purga TimeTests.xctest */ = {isa = PBXFileReference; explicitFileType = wrapper.cfbundle; includeInIndex = 0; path = "Purga TimeTests.xctest"; sourceTree = BUILT_PRODUCTS_DIR; };
		56A1F7962245302700B91079 /* Purga_TimeTests.swift */ = {isa = PBXFileReference; lastKnownFileType = sourcecode.swift; path = Purga_TimeTests.swift; sourceTree = "<group>"; };
		56A1F7982245302700B91079 /* Info.plist */ = {isa = PBXFileReference; lastKnownFileType = text.plist.xml; path = Info.plist; sourceTree = "<group>"; };
		56A1F79D2245302700B91079 /* Purga TimeUITests.xctest */ = {isa = PBXFileReference; explicitFileType = wrapper.cfbundle; includeInIndex = 0; path = "Purga TimeUITests.xctest"; sourceTree = BUILT_PRODUCTS_DIR; };
		56A1F7A12245302700B91079 /* Purga_TimeUITests.swift */ = {isa = PBXFileReference; lastKnownFileType = sourcecode.swift; path = Purga_TimeUITests.swift; sourceTree = "<group>"; };
		56A1F7A32245302700B91079 /* Info.plist */ = {isa = PBXFileReference; lastKnownFileType = text.plist.xml; path = Info.plist; sourceTree = "<group>"; };
/* End PBXFileReference section */

/* Begin PBXFrameworksBuildPhase section */
		56A1F77B2245302500B91079 /* Frameworks */ = {
			isa = PBXFrameworksBuildPhase;
			buildActionMask = 2147483647;
			files = (
			);
			runOnlyForDeploymentPostprocessing = 0;
		};
		56A1F78F2245302700B91079 /* Frameworks */ = {
			isa = PBXFrameworksBuildPhase;
			buildActionMask = 2147483647;
			files = (
			);
			runOnlyForDeploymentPostprocessing = 0;
		};
		56A1F79A2245302700B91079 /* Frameworks */ = {
			isa = PBXFrameworksBuildPhase;
			buildActionMask = 2147483647;
			files = (
			);
			runOnlyForDeploymentPostprocessing = 0;
		};
/* End PBXFrameworksBuildPhase section */

/* Begin PBXGroup section */
		56A1F7752245302500B91079 = {
			isa = PBXGroup;
			children = (
				56A1F7802245302500B91079 /* Purga Time */,
				56A1F7952245302700B91079 /* Purga TimeTests */,
				56A1F7A02245302700B91079 /* Purga TimeUITests */,
				56A1F77F2245302500B91079 /* Products */,
			);
			sourceTree = "<group>";
		};
		56A1F77F2245302500B91079 /* Products */ = {
			isa = PBXGroup;
			children = (
				56A1F77E2245302500B91079 /* Purga Time.app */,
				56A1F7922245302700B91079 /* Purga TimeTests.xctest */,
				56A1F79D2245302700B91079 /* Purga TimeUITests.xctest */,
			);
			name = Products;
			sourceTree = "<group>";
		};
		56A1F7802245302500B91079 /* Purga Time */ = {
			isa = PBXGroup;
			children = (
				56A1F7812245302600B91079 /* AppDelegate.swift */,
				56A1F7832245302600B91079 /* ViewController.swift */,
				56A1F7852245302600B91079 /* Main.storyboard */,
				56A1F7882245302700B91079 /* Assets.xcassets */,
				56A1F78A2245302700B91079 /* LaunchScreen.storyboard */,
				56A1F78D2245302700B91079 /* Info.plist */,
			);
			path = "Purga Time";
			sourceTree = "<group>";
		};
		56A1F7952245302700B91079 /* Purga TimeTests */ = {
			isa = PBXGroup;
			children = (
				56A1F7962245302700B91079 /* Purga_TimeTests.swift */,
				56A1F7982245302700B91079 /* Info.plist */,
			);
			path = "Purga TimeTests";
			sourceTree = "<group>";
		};
		56A1F7A02245302700B91079 /* Purga TimeUITests */ = {
			isa = PBXGroup;
			children = (
				56A1F7A12245302700B91079 /* Purga_TimeUITests.swift */,
				56A1F7A32245302700B91079 /* Info.plist */,
			);
			path = "Purga TimeUITests";
			sourceTree = "<group>";
		};
/* End PBXGroup section */

/* Begin PBXNativeTarget section */
		56A1F77D2245302500B91079 /* Purga Time */ = {
			isa = PBXNativeTarget;
			buildConfigurationList = 56A1F7A62245302700B91079 /* Build configuration list for PBXNativeTarget "Purga Time" */;
			buildPhases = (
				56A1F77A2245302500B91079 /* Sources */,
				56A1F77B2245302500B91079 /* Frameworks */,
				56A1F77C2245302500B91079 /* Resources */,
			);
			buildRules = (
			);
			dependencies = (
			);
			name = "Purga Time";
			productName = "Purga Time";
			productReference = 56A1F77E2245302500B91079 /* Purga Time.app */;
			productType = "com.apple.product-type.application";
		};
		56A1F7912245302700B91079 /* Purga TimeTests */ = {
			isa = PBXNativeTarget;
			buildConfigurationList = 56A1F7A92245302700B91079 /* Build configuration list for PBXNativeTarget "Purga TimeTests" */;
			buildPhases = (
				56A1F78E2245302700B91079 /* Sources */,
				56A1F78F2245302700B91079 /* Frameworks */,
				56A1F7902245302700B91079 /* Resources */,
			);
			buildRules = (
			);
			dependencies = (
				56A1F7942245302700B91079 /* PBXTargetDependency */,
			);
			name = "Purga TimeTests";
			productName = "Purga TimeTests";
			productReference = 56A1F7922245302700B91079 /* Purga TimeTests.xctest */;
			productType = "com.apple.product-type.bundle.unit-test";
		};
		56A1F79C2245302700B91079 /* Purga TimeUITests */ = {
			isa = PBXNativeTarget;
			buildConfigurationList = 56A1F7AC2245302700B91079 /* Build configuration list for PBXNativeTarget "Purga TimeUITests" */;
			buildPhases = (
				56A1F7992245302700B91079 /* Sources */,
				56A1F79A2245302700B91079 /* Frameworks */,
				56A1F79B2245302700B91079 /* Resources */,
			);
			buildRules = (
			);
			dependencies = (
				56A1F79F2245302700B91079 /* PBXTargetDependency */,
			);
			name = "Purga TimeUITests";
			productName = "Purga TimeUITests";
			productReference = 56A1F79D2245302700B91079 /* Purga TimeUITests.xctest */;
			productType = "com.apple.product-type.bundle.ui-testing";
		};
/* End PBXNativeTarget section */

/* Begin PBXProject section */
		56A1F7762245302500B91079 /* Project object */ = {
			isa = PBXProject;
			attributes = {
				LastSwiftUpdateCheck = 1010;
				LastUpgradeCheck = 1010;
				ORGANIZATIONNAME = "L Daniel De San Pedro";
				TargetAttributes = {
					56A1F77D2245302500B91079 = {
						CreatedOnToolsVersion = 10.1;
					};
					56A1F7912245302700B91079 = {
						CreatedOnToolsVersion = 10.1;
						TestTargetID = 56A1F77D2245302500B91079;
					};
					56A1F79C2245302700B91079 = {
						CreatedOnToolsVersion = 10.1;
						TestTargetID = 56A1F77D2245302500B91079;
					};
				};
			};
			buildConfigurationList = 56A1F7792245302500B91079 /* Build configuration list for PBXProject "Purga Time" */;
			compatibilityVersion = "Xcode 9.3";
			developmentRegion = en;
			hasScannedForEncodings = 0;
			knownRegions = (
				en,
				Base,
			);
			mainGroup = 56A1F7752245302500B91079;
			productRefGroup = 56A1F77F2245302500B91079 /* Products */;
			projectDirPath = "";
			projectRoot = "";
			targets = (
				56A1F77D2245302500B91079 /* Purga Time */,
				56A1F7912245302700B91079 /* Purga TimeTests */,
				56A1F79C2245302700B91079 /* Purga TimeUITests */,
			);
		};
/* End PBXProject section */

/* Begin PBXResourcesBuildPhase section */
		56A1F77C2245302500B91079 /* Resources */ = {
			isa = PBXResourcesBuildPhase;
			buildActionMask = 2147483647;
			files = (
				56A1F78C2245302700B91079 /* LaunchScreen.storyboard in Resources */,
				56A1F7892245302700B91079 /* Assets.xcassets in Resources */,
				56A1F7872245302600B91079 /* Main.storyboard in Resources */,
			);
			runOnlyForDeploymentPostprocessing = 0;
		};
		56A1F7902245302700B91079 /* Resources */ = {
			isa = PBXResourcesBuildPhase;
			buildActionMask = 2147483647;
			files = (
			);
			runOnlyForDeploymentPostprocessing = 0;
		};
		56A1F79B2245302700B91079 /* Resources */ = {
			isa = PBXResourcesBuildPhase;
			buildActionMask = 2147483647;
			files = (
			);
			runOnlyForDeploymentPostprocessing = 0;
		};
/* End PBXResourcesBuildPhase section */

/* Begin PBXSourcesBuildPhase section */
		56A1F77A2245302500B91079 /* Sources */ = {
			isa = PBXSourcesBuildPhase;
			buildActionMask = 2147483647;
			files = (
				56A1F7842245302600B91079 /* ViewController.swift in Sources */,
				56A1F7822245302600B91079 /* AppDelegate.swift in Sources */,
			);
			runOnlyForDeploymentPostprocessing = 0;
		};
		56A1F78E2245302700B91079 /* Sources */ = {
			isa = PBXSourcesBuildPhase;
			buildActionMask = 2147483647;
			files = (
				56A1F7972245302700B91079 /* Purga_TimeTests.swift in Sources */,
			);
			runOnlyForDeploymentPostprocessing = 0;
		};
		56A1F7992245302700B91079 /* Sources */ = {
			isa = PBXSourcesBuildPhase;
			buildActionMask = 2147483647;
			files = (
				56A1F7A22245302700B91079 /* Purga_TimeUITests.swift in Sources */,
			);
			runOnlyForDeploymentPostprocessing = 0;
		};
/* End PBXSourcesBuildPhase section */

/* Begin PBXTargetDependency section */
		56A1F7942245302700B91079 /* PBXTargetDependency */ = {
			isa = PBXTargetDependency;
			target = 56A1F77D2245302500B91079 /* Purga Time */;
			targetProxy = 56A1F7932245302700B91079 /* PBXContainerItemProxy */;
		};
		56A1F79F2245302700B91079 /* PBXTargetDependency */ = {
			isa = PBXTargetDependency;
			target = 56A1F77D2245302500B91079 /* Purga Time */;
			targetProxy = 56A1F79E2245302700B91079 /* PBXContainerItemProxy */;
		};
/* End PBXTargetDependency section */

/* Begin PBXVariantGroup section */
		56A1F7852245302600B91079 /* Main.storyboard */ = {
			isa = PBXVariantGroup;
			children = (
				56A1F7862245302600B91079 /* Base */,
			);
			name = Main.storyboard;
			sourceTree = "<group>";
		};
		56A1F78A2245302700B91079 /* LaunchScreen.storyboard */ = {
			isa = PBXVariantGroup;
			children = (
				56A1F78B2245302700B91079 /* Base */,
			);
			name = LaunchScreen.storyboard;
			sourceTree = "<group>";
		};
/* End PBXVariantGroup section */

/* Begin XCBuildConfiguration section */
		56A1F7A42245302700B91079 /* Debug */ = {
			isa = XCBuildConfiguration;
			buildSettings = {
				ALWAYS_SEARCH_USER_PATHS = NO;
				CLANG_ANALYZER_NONNULL = YES;
				CLANG_ANALYZER_NUMBER_OBJECT_CONVERSION = YES_AGGRESSIVE;
				CLANG_CXX_LANGUAGE_STANDARD = "gnu++14";
				CLANG_CXX_LIBRARY = "libc++";
				CLANG_ENABLE_MODULES = YES;
				CLANG_ENABLE_OBJC_ARC = YES;
				CLANG_ENABLE_OBJC_WEAK = YES;
				CLANG_WARN_BLOCK_CAPTURE_AUTORELEASING = YES;
				CLANG_WARN_BOOL_CONVERSION = YES;
				CLANG_WARN_COMMA = YES;
				CLANG_WARN_CONSTANT_CONVERSION = YES;
				CLANG_WARN_DEPRECATED_OBJC_IMPLEMENTATIONS = YES;
				CLANG_WARN_DIRECT_OBJC_ISA_USAGE = YES_ERROR;
				CLANG_WARN_DOCUMENTATION_COMMENTS = YES;
				CLANG_WARN_EMPTY_BODY = YES;
				CLANG_WARN_ENUM_CONVERSION = YES;
				CLANG_WARN_INFINITE_RECURSION = YES;
				CLANG_WARN_INT_CONVERSION = YES;
				CLANG_WARN_NON_LITERAL_NULL_CONVERSION = YES;
				CLANG_WARN_OBJC_IMPLICIT_RETAIN_SELF = YES;
				CLANG_WARN_OBJC_LITERAL_CONVERSION = YES;
				CLANG_WARN_OBJC_ROOT_CLASS = YES_ERROR;
				CLANG_WARN_RANGE_LOOP_ANALYSIS = YES;
				CLANG_WARN_STRICT_PROTOTYPES = YES;
				CLANG_WARN_SUSPICIOUS_MOVE = YES;
				CLANG_WARN_UNGUARDED_AVAILABILITY = YES_AGGRESSIVE;
				CLANG_WARN_UNREACHABLE_CODE = YES;
				CLANG_WARN__DUPLICATE_METHOD_MATCH = YES;
				CODE_SIGN_IDENTITY = "iPhone Developer";
				COPY_PHASE_STRIP = NO;
				DEBUG_INFORMATION_FORMAT = dwarf;
				ENABLE_STRICT_OBJC_MSGSEND = YES;
				ENABLE_TESTABILITY = YES;
				GCC_C_LANGUAGE_STANDARD = gnu11;
				GCC_DYNAMIC_NO_PIC = NO;
				GCC_NO_COMMON_BLOCKS = YES;
				GCC_OPTIMIZATION_LEVEL = 0;
				GCC_PREPROCESSOR_DEFINITIONS = (
					"DEBUG=1",
					"$(inherited)",
				);
				GCC_WARN_64_TO_32_BIT_CONVERSION = YES;
				GCC_WARN_ABOUT_RETURN_TYPE = YES_ERROR;
				GCC_WARN_UNDECLARED_SELECTOR = YES;
				GCC_WARN_UNINITIALIZED_AUTOS = YES_AGGRESSIVE;
				GCC_WARN_UNUSED_FUNCTION = YES;
				GCC_WARN_UNUSED_VARIABLE = YES;
				IPHONEOS_DEPLOYMENT_TARGET = 12.1;
				MTL_ENABLE_DEBUG_INFO = INCLUDE_SOURCE;
				MTL_FAST_MATH = YES;
				ONLY_ACTIVE_ARCH = YES;
				SDKROOT = iphoneos;
				SWIFT_ACTIVE_COMPILATION_CONDITIONS = DEBUG;
				SWIFT_OPTIMIZATION_LEVEL = "-Onone";
			};
			name = Debug;
		};
		56A1F7A52245302700B91079 /* Release */ = {
			isa = XCBuildConfiguration;
			buildSettings = {
				ALWAYS_SEARCH_USER_PATHS = NO;
				CLANG_ANALYZER_NONNULL = YES;
				CLANG_ANALYZER_NUMBER_OBJECT_CONVERSION = YES_AGGRESSIVE;
				CLANG_CXX_LANGUAGE_STANDARD = "gnu++14";
				CLANG_CXX_LIBRARY = "libc++";
				CLANG_ENABLE_MODULES = YES;
				CLANG_ENABLE_OBJC_ARC = YES;
				CLANG_ENABLE_OBJC_WEAK = YES;
				CLANG_WARN_BLOCK_CAPTURE_AUTORELEASING = YES;
				CLANG_WARN_BOOL_CONVERSION = YES;
				CLANG_WARN_COMMA = YES;
				CLANG_WARN_CONSTANT_CONVERSION = YES;
				CLANG_WARN_DEPRECATED_OBJC_IMPLEMENTATIONS = YES;
				CLANG_WARN_DIRECT_OBJC_ISA_USAGE = YES_ERROR;
				CLANG_WARN_DOCUMENTATION_COMMENTS = YES;
				CLANG_WARN_EMPTY_BODY = YES;
				CLANG_WARN_ENUM_CONVERSION = YES;
				CLANG_WARN_INFINITE_RECURSION = YES;
				CLANG_WARN_INT_CONVERSION = YES;
				CLANG_WARN_NON_LITERAL_NULL_CONVERSION = YES;
				CLANG_WARN_OBJC_IMPLICIT_RETAIN_SELF = YES;
				CLANG_WARN_OBJC_LITERAL_CONVERSION = YES;
				CLANG_WARN_OBJC_ROOT_CLASS = YES_ERROR;
				CLANG_WARN_RANGE_LOOP_ANALYSIS = YES;
				CLANG_WARN_STRICT_PROTOTYPES = YES;
				CLANG_WARN_SUSPICIOUS_MOVE = YES;
				CLANG_WARN_UNGUARDED_AVAILABILITY = YES_AGGRESSIVE;
				CLANG_WARN_UNREACHABLE_CODE = YES;
				CLANG_WARN__DUPLICATE_METHOD_MATCH = YES;
				CODE_SIGN_IDENTITY = "iPhone Developer";
				COPY_PHASE_STRIP = NO;
				DEBUG_INFORMATION_FORMAT = "dwarf-with-dsym";
				ENABLE_NS_ASSERTIONS = NO;
				ENABLE_STRICT_OBJC_MSGSEND = YES;
				GCC_C_LANGUAGE_STANDARD = gnu11;
				GCC_NO_COMMON_BLOCKS = YES;
				GCC_WARN_64_TO_32_BIT_CONVERSION = YES;
				GCC_WARN_ABOUT_RETURN_TYPE = YES_ERROR;
				GCC_WARN_UNDECLARED_SELECTOR = YES;
				GCC_WARN_UNINITIALIZED_AUTOS = YES_AGGRESSIVE;
				GCC_WARN_UNUSED_FUNCTION = YES;
				GCC_WARN_UNUSED_VARIABLE = YES;
				IPHONEOS_DEPLOYMENT_TARGET = 12.1;
				MTL_ENABLE_DEBUG_INFO = NO;
				MTL_FAST_MATH = YES;
				SDKROOT = iphoneos;
				SWIFT_COMPILATION_MODE = wholemodule;
				SWIFT_OPTIMIZATION_LEVEL = "-O";
				VALIDATE_PRODUCT = YES;
			};
			name = Release;
		};
		56A1F7A72245302700B91079 /* Debug */ = {
			isa = XCBuildConfiguration;
			buildSettings = {
				ASSETCATALOG_COMPILER_APPICON_NAME = AppIcon;
				CODE_SIGN_STYLE = Automatic;
				DEVELOPMENT_TEAM = C636V8TYMV;
				INFOPLIST_FILE = "Purga Time/Info.plist";
				LD_RUNPATH_SEARCH_PATHS = (
					"$(inherited)",
					"@executable_path/Frameworks",
				);
				PRODUCT_BUNDLE_IDENTIFIER = "iOSDevLab.Purga-Time";
				PRODUCT_NAME = "$(TARGET_NAME)";
				SWIFT_VERSION = 4.2;
				TARGETED_DEVICE_FAMILY = "1,2";
			};
			name = Debug;
		};
		56A1F7A82245302700B91079 /* Release */ = {
			isa = XCBuildConfiguration;
			buildSettings = {
				ASSETCATALOG_COMPILER_APPICON_NAME = AppIcon;
				CODE_SIGN_STYLE = Automatic;
				DEVELOPMENT_TEAM = C636V8TYMV;
				INFOPLIST_FILE = "Purga Time/Info.plist";
				LD_RUNPATH_SEARCH_PATHS = (
					"$(inherited)",
					"@executable_path/Frameworks",
				);
				PRODUCT_BUNDLE_IDENTIFIER = "iOSDevLab.Purga-Time";
				PRODUCT_NAME = "$(TARGET_NAME)";
				SWIFT_VERSION = 4.2;
				TARGETED_DEVICE_FAMILY = "1,2";
			};
			name = Release;
		};
		56A1F7AA2245302700B91079 /* Debug */ = {
			isa = XCBuildConfiguration;
			buildSettings = {
				ALWAYS_EMBED_SWIFT_STANDARD_LIBRARIES = YES;
				BUNDLE_LOADER = "$(TEST_HOST)";
				CODE_SIGN_STYLE = Automatic;
				DEVELOPMENT_TEAM = C636V8TYMV;
				INFOPLIST_FILE = "Purga TimeTests/Info.plist";
				LD_RUNPATH_SEARCH_PATHS = (
					"$(inherited)",
					"@executable_path/Frameworks",
					"@loader_path/Frameworks",
				);
				PRODUCT_BUNDLE_IDENTIFIER = "iOSDevLab.Purga-TimeTests";
				PRODUCT_NAME = "$(TARGET_NAME)";
				SWIFT_VERSION = 4.2;
				TARGETED_DEVICE_FAMILY = "1,2";
				TEST_HOST = "$(BUILT_PRODUCTS_DIR)/Purga Time.app/Purga Time";
			};
			name = Debug;
		};
		56A1F7AB2245302700B91079 /* Release */ = {
			isa = XCBuildConfiguration;
			buildSettings = {
				ALWAYS_EMBED_SWIFT_STANDARD_LIBRARIES = YES;
				BUNDLE_LOADER = "$(TEST_HOST)";
				CODE_SIGN_STYLE = Automatic;
				DEVELOPMENT_TEAM = C636V8TYMV;
				INFOPLIST_FILE = "Purga TimeTests/Info.plist";
				LD_RUNPATH_SEARCH_PATHS = (
					"$(inherited)",
					"@executable_path/Frameworks",
					"@loader_path/Frameworks",
				);
				PRODUCT_BUNDLE_IDENTIFIER = "iOSDevLab.Purga-TimeTests";
				PRODUCT_NAME = "$(TARGET_NAME)";
				SWIFT_VERSION = 4.2;
				TARGETED_DEVICE_FAMILY = "1,2";
				TEST_HOST = "$(BUILT_PRODUCTS_DIR)/Purga Time.app/Purga Time";
			};
			name = Release;
		};
		56A1F7AD2245302700B91079 /* Debug */ = {
			isa = XCBuildConfiguration;
			buildSettings = {
				ALWAYS_EMBED_SWIFT_STANDARD_LIBRARIES = YES;
				CODE_SIGN_STYLE = Automatic;
				DEVELOPMENT_TEAM = C636V8TYMV;
				INFOPLIST_FILE = "Purga TimeUITests/Info.plist";
				LD_RUNPATH_SEARCH_PATHS = (
					"$(inherited)",
					"@executable_path/Frameworks",
					"@loader_path/Frameworks",
				);
				PRODUCT_BUNDLE_IDENTIFIER = "iOSDevLab.Purga-TimeUITests";
				PRODUCT_NAME = "$(TARGET_NAME)";
				SWIFT_VERSION = 4.2;
				TARGETED_DEVICE_FAMILY = "1,2";
				TEST_TARGET_NAME = "Purga Time";
			};
			name = Debug;
		};
		56A1F7AE2245302700B91079 /* Release */ = {
			isa = XCBuildConfiguration;
			buildSettings = {
				ALWAYS_EMBED_SWIFT_STANDARD_LIBRARIES = YES;
				CODE_SIGN_STYLE = Automatic;
				DEVELOPMENT_TEAM = C636V8TYMV;
				INFOPLIST_FILE = "Purga TimeUITests/Info.plist";
				LD_RUNPATH_SEARCH_PATHS = (
					"$(inherited)",
					"@executable_path/Frameworks",
					"@loader_path/Frameworks",
				);
				PRODUCT_BUNDLE_IDENTIFIER = "iOSDevLab.Purga-TimeUITests";
				PRODUCT_NAME = "$(TARGET_NAME)";
				SWIFT_VERSION = 4.2;
				TARGETED_DEVICE_FAMILY = "1,2";
				TEST_TARGET_NAME = "Purga Time";
			};
			name = Release;
		};
/* End XCBuildConfiguration section */

/* Begin XCConfigurationList section */
		56A1F7792245302500B91079 /* Build configuration list for PBXProject "Purga Time" */ = {
			isa = XCConfigurationList;
			buildConfigurations = (
				56A1F7A42245302700B91079 /* Debug */,
				56A1F7A52245302700B91079 /* Release */,
			);
			defaultConfigurationIsVisible = 0;
			defaultConfigurationName = Release;
		};
		56A1F7A62245302700B91079 /* Build configuration list for PBXNativeTarget "Purga Time" */ = {
			isa = XCConfigurationList;
			buildConfigurations = (
				56A1F7A72245302700B91079 /* Debug */,
				56A1F7A82245302700B91079 /* Release */,
			);
			defaultConfigurationIsVisible = 0;
			defaultConfigurationName = Release;
		};
		56A1F7A92245302700B91079 /* Build configuration list for PBXNativeTarget "Purga TimeTests" */ = {
			isa = XCConfigurationList;
			buildConfigurations = (
				56A1F7AA2245302700B91079 /* Debug */,
				56A1F7AB2245302700B91079 /* Release */,
			);
			defaultConfigurationIsVisible = 0;
			defaultConfigurationName = Release;
		};
		56A1F7AC2245302700B91079 /* Build configuration list for PBXNativeTarget "Purga TimeUITests" */ = {
			isa = XCConfigurationList;
			buildConfigurations = (
				56A1F7AD2245302700B91079 /* Debug */,
				56A1F7AE2245302700B91079 /* Release */,
			);
			defaultConfigurationIsVisible = 0;
			defaultConfigurationName = Release;
		};
/* End XCConfigurationList section */
	};
	rootObject = 56A1F7762245302500B91079 /* Project object */;
}
